
Microsoft Visual Studio Solution File, Format Version 12.00
# Visual Studio Version 16
VisualStudioVersion = 16.0.31829.152
MinimumVisualStudioVersion = 10.0.40219.1
Project("{9A19103F-16F7-4668-BE54-9A1E7A4F7556}") = "bidersGo", "bidersGo\bidersGo.csproj", "{824CBE64-F0FE-402E-B8F3-A560DD962730}"
EndProject
Project("{2150E333-8FDC-42A3-9474-1A3956D46DE8}") = "src", "src", "{4EF23642-0400-4477-BF65-68C9F23D86CF}"
EndProject
Project("{2150E333-8FDC-42A3-9474-1A3956D46DE8}") = "Core", "Core", "{C69D2669-228D-4965-BCBC-3DFE9A912736}"
EndProject
Project("{2150E333-8FDC-42A3-9474-1A3956D46DE8}") = "Infrastructure", "Infrastructure", "{F407BA76-08D1-4104-AEE8-B672E8C1E9CD}"
EndProject
Project("{2150E333-8FDC-42A3-9474-1A3956D46DE8}") = "Presentation", "Presentation", "{6ADADDC4-7BEA-43D2-9A17-879C0538571D}"
	ProjectSection(SolutionItems) = preProject
		Plan.txt = Plan.txt
	EndProjectSection
EndProject
Project("{FAE04EC0-301F-11D3-BF4B-00C04F79EFBC}") = "bidersGo.Application", "bidersGo.Application\bidersGo.Application.csproj", "{F19F15AA-01C1-43DE-9645-A79B7FA2C802}"
EndProject
Project("{FAE04EC0-301F-11D3-BF4B-00C04F79EFBC}") = "bidersGo.Domain", "bidersGo.Domain\bidersGo.Domain.csproj", "{5188A977-319B-4432-A708-EC1E96526332}"
EndProject
Project("{FAE04EC0-301F-11D3-BF4B-00C04F79EFBC}") = "bidersGo.Infrastructure", "bidersGo.Infrastructure\bidersGo.Infrastructure.csproj", "{C85C7623-A723-427C-8468-7BDC5DA06359}"
EndProject
Project("{FAE04EC0-301F-11D3-BF4B-00C04F79EFBC}") = "bidersGo.Persistence", "bidersGo.Persistence\bidersGo.Persistence.csproj", "{3764A0EC-76EF-4389-8476-92E270247C5C}"
EndProject
Global
	GlobalSection(SolutionConfigurationPlatforms) = preSolution
		Debug|Any CPU = Debug|Any CPU
		Release|Any CPU = Release|Any CPU
	EndGlobalSection
	GlobalSection(ProjectConfigurationPlatforms) = postSolution
		{824CBE64-F0FE-402E-B8F3-A560DD962730}.Debug|Any CPU.ActiveCfg = Debug|Any CPU
		{824CBE64-F0FE-402E-B8F3-A560DD962730}.Debug|Any CPU.Build.0 = Debug|Any CPU
		{824CBE64-F0FE-402E-B8F3-A560DD962730}.Release|Any CPU.ActiveCfg = Release|Any CPU
		{824CBE64-F0FE-402E-B8F3-A560DD962730}.Release|Any CPU.Build.0 = Release|Any CPU
		{F19F15AA-01C1-43DE-9645-A79B7FA2C802}.Debug|Any CPU.ActiveCfg = Debug|Any CPU
		{F19F15AA-01C1-43DE-9645-A79B7FA2C802}.Debug|Any CPU.Build.0 = Debug|Any CPU
		{F19F15AA-01C1-43DE-9645-A79B7FA2C802}.Release|Any CPU.ActiveCfg = Release|Any CPU
		{F19F15AA-01C1-43DE-9645-A79B7FA2C802}.Release|Any CPU.Build.0 = Release|Any CPU
		{5188A977-319B-4432-A708-EC1E96526332}.Debug|Any CPU.ActiveCfg = Debug|Any CPU
		{5188A977-319B-4432-A708-EC1E96526332}.Debug|Any CPU.Build.0 = Debug|Any CPU
		{5188A977-319B-4432-A708-EC1E96526332}.Release|Any CPU.ActiveCfg = Release|Any CPU
		{5188A977-319B-4432-A708-EC1E96526332}.Release|Any CPU.Build.0 = Release|Any CPU
		{C85C7623-A723-427C-8468-7BDC5DA06359}.Debug|Any CPU.ActiveCfg = Debug|Any CPU
		{C85C7623-A723-427C-8468-7BDC5DA06359}.Debug|Any CPU.Build.0 = Debug|Any CPU
		{C85C7623-A723-427C-8468-7BDC5DA06359}.Release|Any CPU.ActiveCfg = Release|Any CPU
		{C85C7623-A723-427C-8468-7BDC5DA06359}.Release|Any CPU.Build.0 = Release|Any CPU
		{3764A0EC-76EF-4389-8476-92E270247C5C}.Debug|Any CPU.ActiveCfg = Debug|Any CPU
		{3764A0EC-76EF-4389-8476-92E270247C5C}.Debug|Any CPU.Build.0 = Debug|Any CPU
		{3764A0EC-76EF-4389-8476-92E270247C5C}.Release|Any CPU.ActiveCfg = Release|Any CPU
		{3764A0EC-76EF-4389-8476-92E270247C5C}.Release|Any CPU.Build.0 = Release|Any CPU
	EndGlobalSection
	GlobalSection(SolutionProperties) = preSolution
		HideSolutionNode = FALSE
	EndGlobalSection
	GlobalSection(NestedProjects) = preSolution
		{824CBE64-F0FE-402E-B8F3-A560DD962730} = {6ADADDC4-7BEA-43D2-9A17-879C0538571D}
		{C69D2669-228D-4965-BCBC-3DFE9A912736} = {4EF23642-0400-4477-BF65-68C9F23D86CF}
		{F407BA76-08D1-4104-AEE8-B672E8C1E9CD} = {4EF23642-0400-4477-BF65-68C9F23D86CF}
		{6ADADDC4-7BEA-43D2-9A17-879C0538571D} = {4EF23642-0400-4477-BF65-68C9F23D86CF}
		{F19F15AA-01C1-43DE-9645-A79B7FA2C802} = {C69D2669-228D-4965-BCBC-3DFE9A912736}
		{5188A977-319B-4432-A708-EC1E96526332} = {C69D2669-228D-4965-BCBC-3DFE9A912736}
		{C85C7623-A723-427C-8468-7BDC5DA06359} = {F407BA76-08D1-4104-AEE8-B672E8C1E9CD}
		{3764A0EC-76EF-4389-8476-92E270247C5C} = {F407BA76-08D1-4104-AEE8-B672E8C1E9CD}
	EndGlobalSection
	GlobalSection(ExtensibilityGlobals) = postSolution
		SolutionGuid = {65494696-7A86-473A-8911-1C806A363DF1}
	EndGlobalSection
EndGlobal
